// !$*UTF8*$!
{
	archiveVersion = 1;
	classes = {
	};
	objectVersion = 46;
	objects = {

/* Begin PBXBuildFile section */
		1BBA55AA1A1EDFE7009606C4 /* Foundation.framework in Frameworks */ = {isa = PBXBuildFile; fileRef = 1BBA55A91A1EDFE7009606C4 /* Foundation.framework */; };
		1BBA55AC1A1EDFE7009606C4 /* CoreGraphics.framework in Frameworks */ = {isa = PBXBuildFile; fileRef = 1BBA55AB1A1EDFE7009606C4 /* CoreGraphics.framework */; };
		1BBA55AE1A1EDFE7009606C4 /* UIKit.framework in Frameworks */ = {isa = PBXBuildFile; fileRef = 1BBA55AD1A1EDFE7009606C4 /* UIKit.framework */; };
		1BBA55B41A1EDFE7009606C4 /* InfoPlist.strings in Resources */ = {isa = PBXBuildFile; fileRef = 1BBA55B21A1EDFE7009606C4 /* InfoPlist.strings */; };
		1BBA55B61A1EDFE7009606C4 /* main.m in Sources */ = {isa = PBXBuildFile; fileRef = 1BBA55B51A1EDFE7009606C4 /* main.m */; };
		1BBA55BA1A1EDFE7009606C4 /* LWCAppDelegate.m in Sources */ = {isa = PBXBuildFile; fileRef = 1BBA55B91A1EDFE7009606C4 /* LWCAppDelegate.m */; };
		1BBA55BC1A1EDFE7009606C4 /* Images.xcassets in Resources */ = {isa = PBXBuildFile; fileRef = 1BBA55BB1A1EDFE7009606C4 /* Images.xcassets */; };
		1BBA55C31A1EDFE7009606C4 /* XCTest.framework in Frameworks */ = {isa = PBXBuildFile; fileRef = 1BBA55C21A1EDFE7009606C4 /* XCTest.framework */; };
		1BBA55C41A1EDFE7009606C4 /* Foundation.framework in Frameworks */ = {isa = PBXBuildFile; fileRef = 1BBA55A91A1EDFE7009606C4 /* Foundation.framework */; };
		1BBA55C51A1EDFE7009606C4 /* UIKit.framework in Frameworks */ = {isa = PBXBuildFile; fileRef = 1BBA55AD1A1EDFE7009606C4 /* UIKit.framework */; };
		1BBA55CD1A1EDFE7009606C4 /* InfoPlist.strings in Resources */ = {isa = PBXBuildFile; fileRef = 1BBA55CB1A1EDFE7009606C4 /* InfoPlist.strings */; };
		1BBA55CF1A1EDFE7009606C4 /* collection_ViewTests.m in Sources */ = {isa = PBXBuildFile; fileRef = 1BBA55CE1A1EDFE7009606C4 /* collection_ViewTests.m */; };
		1BBA55DB1A1EDFF6009606C4 /* LWCViewController.m in Sources */ = {isa = PBXBuildFile; fileRef = 1BBA55D91A1EDFF6009606C4 /* LWCViewController.m */; };
		1BBA55DC1A1EDFF6009606C4 /* LWCViewController.xib in Resources */ = {isa = PBXBuildFile; fileRef = 1BBA55DA1A1EDFF6009606C4 /* LWCViewController.xib */; };
		1BBA55E51A1EE7E7009606C4 /* CollectonViewCell.m in Sources */ = {isa = PBXBuildFile; fileRef = 1BBA55E41A1EE7E7009606C4 /* CollectonViewCell.m */; };
		1BBA55E71A1EE816009606C4 /* CollectonViewCell.xib in Resources */ = {isa = PBXBuildFile; fileRef = 1BBA55E61A1EE816009606C4 /* CollectonViewCell.xib */; };
/* End PBXBuildFile section */

/* Begin PBXContainerItemProxy section */
		1BBA55C61A1EDFE7009606C4 /* PBXContainerItemProxy */ = {
			isa = PBXContainerItemProxy;
			containerPortal = 1BBA559E1A1EDFE7009606C4 /* Project object */;
			proxyType = 1;
			remoteGlobalIDString = 1BBA55A51A1EDFE7009606C4;
			remoteInfo = collection_View;
		};
/* End PBXContainerItemProxy section */

/* Begin PBXFileReference section */
		1BBA55A61A1EDFE7009606C4 /* collection_View.app */ = {isa = PBXFileReference; explicitFileType = wrapper.application; includeInIndex = 0; path = collection_View.app; sourceTree = BUILT_PRODUCTS_DIR; };
		1BBA55A91A1EDFE7009606C4 /* Foundation.framework */ = {isa = PBXFileReference; lastKnownFileType = wrapper.framework; name = Foundation.framework; path = System/Library/Frameworks/Foundation.framework; sourceTree = SDKROOT; };
		1BBA55AB1A1EDFE7009606C4 /* CoreGraphics.framework */ = {isa = PBXFileReference; lastKnownFileType = wrapper.framework; name = CoreGraphics.framework; path = System/Library/Frameworks/CoreGraphics.framework; sourceTree = SDKROOT; };
		1BBA55AD1A1EDFE7009606C4 /* UIKit.framework */ = {isa = PBXFileReference; lastKnownFileType = wrapper.framework; name = UIKit.framework; path = System/Library/Frameworks/UIKit.framework; sourceTree = SDKROOT; };
		1BBA55B11A1EDFE7009606C4 /* collection_View-Info.plist */ = {isa = PBXFileReference; lastKnownFileType = text.plist.xml; path = "collection_View-Info.plist"; sourceTree = "<group>"; };
		1BBA55B31A1EDFE7009606C4 /* en */ = {isa = PBXFileReference; lastKnownFileType = text.plist.strings; name = en; path = en.lproj/InfoPlist.strings; sourceTree = "<group>"; };
		1BBA55B51A1EDFE7009606C4 /* main.m */ = {isa = PBXFileReference; lastKnownFileType = sourcecode.c.objc; path = main.m; sourceTree = "<group>"; };
		1BBA55B71A1EDFE7009606C4 /* collection_View-Prefix.pch */ = {isa = PBXFileReference; lastKnownFileType = sourcecode.c.h; path = "collection_View-Prefix.pch"; sourceTree = "<group>"; };
		1BBA55B81A1EDFE7009606C4 /* LWCAppDelegate.h */ = {isa = PBXFileReference; lastKnownFileType = sourcecode.c.h; path = LWCAppDelegate.h; sourceTree = "<group>"; };
		1BBA55B91A1EDFE7009606C4 /* LWCAppDelegate.m */ = {isa = PBXFileReference; lastKnownFileType = sourcecode.c.objc; path = LWCAppDelegate.m; sourceTree = "<group>"; };
		1BBA55BB1A1EDFE7009606C4 /* Images.xcassets */ = {isa = PBXFileReference; lastKnownFileType = folder.assetcatalog; path = Images.xcassets; sourceTree = "<group>"; };
		1BBA55C11A1EDFE7009606C4 /* collection_ViewTests.xctest */ = {isa = PBXFileReference; explicitFileType = wrapper.cfbundle; includeInIndex = 0; path = collection_ViewTests.xctest; sourceTree = BUILT_PRODUCTS_DIR; };
		1BBA55C21A1EDFE7009606C4 /* XCTest.framework */ = {isa = PBXFileReference; lastKnownFileType = wrapper.framework; name = XCTest.framework; path = Library/Frameworks/XCTest.framework; sourceTree = DEVELOPER_DIR; };
		1BBA55CA1A1EDFE7009606C4 /* collection_ViewTests-Info.plist */ = {isa = PBXFileReference; lastKnownFileType = text.plist.xml; path = "collection_ViewTests-Info.plist"; sourceTree = "<group>"; };
		1BBA55CC1A1EDFE7009606C4 /* en */ = {isa = PBXFileReference; lastKnownFileType = text.plist.strings; name = en; path = en.lproj/InfoPlist.strings; sourceTree = "<group>"; };
		1BBA55CE1A1EDFE7009606C4 /* collection_ViewTests.m */ = {isa = PBXFileReference; lastKnownFileType = sourcecode.c.objc; path = collection_ViewTests.m; sourceTree = "<group>"; };
		1BBA55D81A1EDFF6009606C4 /* LWCViewController.h */ = {isa = PBXFileReference; fileEncoding = 4; lastKnownFileType = sourcecode.c.h; path = LWCViewController.h; sourceTree = "<group>"; };
		1BBA55D91A1EDFF6009606C4 /* LWCViewController.m */ = {isa = PBXFileReference; fileEncoding = 4; lastKnownFileType = sourcecode.c.objc; path = LWCViewController.m; sourceTree = "<group>"; };
		1BBA55DA1A1EDFF6009606C4 /* LWCViewController.xib */ = {isa = PBXFileReference; fileEncoding = 4; lastKnownFileType = file.xib; path = LWCViewController.xib; sourceTree = "<group>"; };
		1BBA55E31A1EE7E7009606C4 /* CollectonViewCell.h */ = {isa = PBXFileReference; fileEncoding = 4; lastKnownFileType = sourcecode.c.h; path = CollectonViewCell.h; sourceTree = "<group>"; };
		1BBA55E41A1EE7E7009606C4 /* CollectonViewCell.m */ = {isa = PBXFileReference; fileEncoding = 4; lastKnownFileType = sourcecode.c.objc; path = CollectonViewCell.m; sourceTree = "<group>"; };
		1BBA55E61A1EE816009606C4 /* CollectonViewCell.xib */ = {isa = PBXFileReference; fileEncoding = 4; lastKnownFileType = file.xib; path = CollectonViewCell.xib; sourceTree = "<group>"; };
/* End PBXFileReference section */

/* Begin PBXFrameworksBuildPhase section */
		1BBA55A31A1EDFE7009606C4 /* Frameworks */ = {
			isa = PBXFrameworksBuildPhase;
			buildActionMask = 2147483647;
			files = (
				1BBA55AC1A1EDFE7009606C4 /* CoreGraphics.framework in Frameworks */,
				1BBA55AE1A1EDFE7009606C4 /* UIKit.framework in Frameworks */,
				1BBA55AA1A1EDFE7009606C4 /* Foundation.framework in Frameworks */,
			);
			runOnlyForDeploymentPostprocessing = 0;
		};
		1BBA55BE1A1EDFE7009606C4 /* Frameworks */ = {
			isa = PBXFrameworksBuildPhase;
			buildActionMask = 2147483647;
			files = (
				1BBA55C31A1EDFE7009606C4 /* XCTest.framework in Frameworks */,
				1BBA55C51A1EDFE7009606C4 /* UIKit.framework in Frameworks */,
				1BBA55C41A1EDFE7009606C4 /* Foundation.framework in Frameworks */,
			);
			runOnlyForDeploymentPostprocessing = 0;
		};
/* End PBXFrameworksBuildPhase section */

/* Begin PBXGroup section */
		1BBA559D1A1EDFE7009606C4 = {
			isa = PBXGroup;
			children = (
				1BBA55AF1A1EDFE7009606C4 /* collection_View */,
				1BBA55C81A1EDFE7009606C4 /* collection_ViewTests */,
				1BBA55A81A1EDFE7009606C4 /* Frameworks */,
				1BBA55A71A1EDFE7009606C4 /* Products */,
			);
			sourceTree = "<group>";
		};
		1BBA55A71A1EDFE7009606C4 /* Products */ = {
			isa = PBXGroup;
			children = (
				1BBA55A61A1EDFE7009606C4 /* collection_View.app */,
				1BBA55C11A1EDFE7009606C4 /* collection_ViewTests.xctest */,
			);
			name = Products;
			sourceTree = "<group>";
		};
		1BBA55A81A1EDFE7009606C4 /* Frameworks */ = {
			isa = PBXGroup;
			children = (
				1BBA55A91A1EDFE7009606C4 /* Foundation.framework */,
				1BBA55AB1A1EDFE7009606C4 /* CoreGraphics.framework */,
				1BBA55AD1A1EDFE7009606C4 /* UIKit.framework */,
				1BBA55C21A1EDFE7009606C4 /* XCTest.framework */,
			);
			name = Frameworks;
			sourceTree = "<group>";
		};
		1BBA55AF1A1EDFE7009606C4 /* collection_View */ = {
			isa = PBXGroup;
			children = (
				1BBA55B81A1EDFE7009606C4 /* LWCAppDelegate.h */,
				1BBA55B91A1EDFE7009606C4 /* LWCAppDelegate.m */,
				1BBA55D81A1EDFF6009606C4 /* LWCViewController.h */,
				1BBA55D91A1EDFF6009606C4 /* LWCViewController.m */,
				1BBA55DA1A1EDFF6009606C4 /* LWCViewController.xib */,
				1BBA55E21A1EE7E7009606C4 /* Cell */,
				1BBA55BB1A1EDFE7009606C4 /* Images.xcassets */,
				1BBA55B01A1EDFE7009606C4 /* Supporting Files */,
			);
			path = collection_View;
			sourceTree = "<group>";
		};
		1BBA55B01A1EDFE7009606C4 /* Supporting Files */ = {
			isa = PBXGroup;
			children = (
				1BBA55B11A1EDFE7009606C4 /* collection_View-Info.plist */,
				1BBA55B21A1EDFE7009606C4 /* InfoPlist.strings */,
				1BBA55B51A1EDFE7009606C4 /* main.m */,
				1BBA55B71A1EDFE7009606C4 /* collection_View-Prefix.pch */,
			);
			name = "Supporting Files";
			sourceTree = "<group>";
		};
		1BBA55C81A1EDFE7009606C4 /* collection_ViewTests */ = {
			isa = PBXGroup;
			children = (
				1BBA55CE1A1EDFE7009606C4 /* collection_ViewTests.m */,
				1BBA55C91A1EDFE7009606C4 /* Supporting Files */,
			);
			path = collection_ViewTests;
			sourceTree = "<group>";
		};
		1BBA55C91A1EDFE7009606C4 /* Supporting Files */ = {
			isa = PBXGroup;
			children = (
				1BBA55CA1A1EDFE7009606C4 /* collection_ViewTests-Info.plist */,
				1BBA55CB1A1EDFE7009606C4 /* InfoPlist.strings */,
			);
			name = "Supporting Files";
			sourceTree = "<group>";
		};
		1BBA55E21A1EE7E7009606C4 /* Cell */ = {
			isa = PBXGroup;
			children = (
				1BBA55E31A1EE7E7009606C4 /* CollectonViewCell.h */,
				1BBA55E41A1EE7E7009606C4 /* CollectonViewCell.m */,
				1BBA55E61A1EE816009606C4 /* CollectonViewCell.xib */,
			);
			path = Cell;
			sourceTree = "<group>";
		};
/* End PBXGroup section */

/* Begin PBXNativeTarget section */
		1BBA55A51A1EDFE7009606C4 /* collection_View */ = {
			isa = PBXNativeTarget;
			buildConfigurationList = 1BBA55D21A1EDFE7009606C4 /* Build configuration list for PBXNativeTarget "collection_View" */;
			buildPhases = (
				1BBA55A21A1EDFE7009606C4 /* Sources */,
				1BBA55A31A1EDFE7009606C4 /* Frameworks */,
				1BBA55A41A1EDFE7009606C4 /* Resources */,
			);
			buildRules = (
			);
			dependencies = (
			);
			name = collection_View;
			productName = collection_View;
			productReference = 1BBA55A61A1EDFE7009606C4 /* collection_View.app */;
			productType = "com.apple.product-type.application";
		};
		1BBA55C01A1EDFE7009606C4 /* collection_ViewTests */ = {
			isa = PBXNativeTarget;
			buildConfigurationList = 1BBA55D51A1EDFE7009606C4 /* Build configuration list for PBXNativeTarget "collection_ViewTests" */;
			buildPhases = (
				1BBA55BD1A1EDFE7009606C4 /* Sources */,
				1BBA55BE1A1EDFE7009606C4 /* Frameworks */,
				1BBA55BF1A1EDFE7009606C4 /* Resources */,
			);
			buildRules = (
			);
			dependencies = (
				1BBA55C71A1EDFE7009606C4 /* PBXTargetDependency */,
			);
			name = collection_ViewTests;
			productName = collection_ViewTests;
			productReference = 1BBA55C11A1EDFE7009606C4 /* collection_ViewTests.xctest */;
			productType = "com.apple.product-type.bundle.unit-test";
		};
/* End PBXNativeTarget section */

/* Begin PBXProject section */
		1BBA559E1A1EDFE7009606C4 /* Project object */ = {
			isa = PBXProject;
			attributes = {
				CLASSPREFIX = LWC;
				LastUpgradeCheck = 0510;
				ORGANIZATIONNAME = LWC;
				TargetAttributes = {
					1BBA55C01A1EDFE7009606C4 = {
						TestTargetID = 1BBA55A51A1EDFE7009606C4;
					};
				};
			};
			buildConfigurationList = 1BBA55A11A1EDFE7009606C4 /* Build configuration list for PBXProject "collection_View" */;
			compatibilityVersion = "Xcode 3.2";
			developmentRegion = English;
			hasScannedForEncodings = 0;
			knownRegions = (
				en,
			);
			mainGroup = 1BBA559D1A1EDFE7009606C4;
			productRefGroup = 1BBA55A71A1EDFE7009606C4 /* Products */;
			projectDirPath = "";
			projectRoot = "";
			targets = (
				1BBA55A51A1EDFE7009606C4 /* collection_View */,
				1BBA55C01A1EDFE7009606C4 /* collection_ViewTests */,
			);
		};
/* End PBXProject section */

/* Begin PBXResourcesBuildPhase section */
		1BBA55A41A1EDFE7009606C4 /* Resources */ = {
			isa = PBXResourcesBuildPhase;
			buildActionMask = 2147483647;
			files = (
				1BBA55E71A1EE816009606C4 /* CollectonViewCell.xib in Resources */,
				1BBA55DC1A1EDFF6009606C4 /* LWCViewController.xib in Resources */,
				1BBA55B41A1EDFE7009606C4 /* InfoPlist.strings in Resources */,
				1BBA55BC1A1EDFE7009606C4 /* Images.xcassets in Resources */,
			);
			runOnlyForDeploymentPostprocessing = 0;
		};
		1BBA55BF1A1EDFE7009606C4 /* Resources */ = {
			isa = PBXResourcesBuildPhase;
			buildActionMask = 2147483647;
			files = (
				1BBA55CD1A1EDFE7009606C4 /* InfoPlist.strings in Resources */,
			);
			runOnlyForDeploymentPostprocessing = 0;
		};
/* End PBXResourcesBuildPhase section */

/* Begin PBXSourcesBuildPhase section */
		1BBA55A21A1EDFE7009606C4 /* Sources */ = {
			isa = PBXSourcesBuildPhase;
			buildActionMask = 2147483647;
			files = (
				1BBA55E51A1EE7E7009606C4 /* CollectonViewCell.m in Sources */,
				1BBA55B61A1EDFE7009606C4 /* main.m in Sources */,
				1BBA55BA1A1EDFE7009606C4 /* LWCAppDelegate.m in Sources */,
				1BBA55DB1A1EDFF6009606C4 /* LWCViewController.m in Sources */,
			);
			runOnlyForDeploymentPostprocessing = 0;
		};
		1BBA55BD1A1EDFE7009606C4 /* Sources */ = {
			isa = PBXSourcesBuildPhase;
			buildActionMask = 2147483647;
			files = (
				1BBA55CF1A1EDFE7009606C4 /* collection_ViewTests.m in Sources */,
			);
			runOnlyForDeploymentPostprocessing = 0;
		};
/* End PBXSourcesBuildPhase section */

/* Begin PBXTargetDependency section */
		1BBA55C71A1EDFE7009606C4 /* PBXTargetDependency */ = {
			isa = PBXTargetDependency;
			target = 1BBA55A51A1EDFE7009606C4 /* collection_View */;
			targetProxy = 1BBA55C61A1EDFE7009606C4 /* PBXContainerItemProxy */;
		};
/* End PBXTargetDependency section */

/* Begin PBXVariantGroup section */
		1BBA55B21A1EDFE7009606C4 /* InfoPlist.strings */ = {
			isa = PBXVariantGroup;
			children = (
				1BBA55B31A1EDFE7009606C4 /* en */,
			);
			name = InfoPlist.strings;
			sourceTree = "<group>";
		};
		1BBA55CB1A1EDFE7009606C4 /* InfoPlist.strings */ = {
			isa = PBXVariantGroup;
			children = (
				1BBA55CC1A1EDFE7009606C4 /* en */,
			);
			name = InfoPlist.strings;
			sourceTree = "<group>";
		};
/* End PBXVariantGroup section */

/* Begin XCBuildConfiguration section */
		1BBA55D01A1EDFE7009606C4 /* Debug */ = {
			isa = XCBuildConfiguration;
			buildSettings = {
				ALWAYS_SEARCH_USER_PATHS = NO;
				CLANG_CXX_LANGUAGE_STANDARD = "gnu++0x";
				CLANG_CXX_LIBRARY = "libc++";
				CLANG_ENABLE_MODULES = YES;
				CLANG_ENABLE_OBJC_ARC = YES;
				CLANG_WARN_BOOL_CONVERSION = YES;
				CLANG_WARN_CONSTANT_CONVERSION = YES;
				CLANG_WARN_DIRECT_OBJC_ISA_USAGE = YES_ERROR;
				CLANG_WARN_EMPTY_BODY = YES;
				CLANG_WARN_ENUM_CONVERSION = YES;
				CLANG_WARN_INT_CONVERSION = YES;
				CLANG_WARN_OBJC_ROOT_CLASS = YES_ERROR;
				CLANG_WARN__DUPLICATE_METHOD_MATCH = YES;
				"CODE_SIGN_IDENTITY[sdk=iphoneos*]" = "iPhone Developer";
				COPY_PHASE_STRIP = NO;
				GCC_C_LANGUAGE_STANDARD = gnu99;
				GCC_DYNAMIC_NO_PIC = NO;
				GCC_OPTIMIZATION_LEVEL = 0;
				GCC_PREPROCESSOR_DEFINITIONS = (
					"DEBUG=1",
					"$(inherited)",
				);
				GCC_SYMBOLS_PRIVATE_EXTERN = NO;
				GCC_WARN_64_TO_32_BIT_CONVERSION = YES;
				GCC_WARN_ABOUT_RETURN_TYPE = YES_ERROR;
				GCC_WARN_UNDECLARED_SELECTOR = YES;
				GCC_WARN_UNINITIALIZED_AUTOS = YES_AGGRESSIVE;
				GCC_WARN_UNUSED_FUNCTION = YES;
				GCC_WARN_UNUSED_VARIABLE = YES;
				IPHONEOS_DEPLOYMENT_TARGET = 7.1;
				ONLY_ACTIVE_ARCH = YES;
				SDKROOT = iphoneos;
			};
			name = Debug;
		};
		1BBA55D11A1EDFE7009606C4 /* Release */ = {
			isa = XCBuildConfiguration;
			buildSettings = {
				ALWAYS_SEARCH_USER_PATHS = NO;
				CLANG_CXX_LANGUAGE_STANDARD = "gnu++0x";
				CLANG_CXX_LIBRARY = "libc++";
				CLANG_ENABLE_MODULES = YES;
				CLANG_ENABLE_OBJC_ARC = YES;
				CLANG_WARN_BOOL_CONVERSION = YES;
				CLANG_WARN_CONSTANT_CONVERSION = YES;
				CLANG_WARN_DIRECT_OBJC_ISA_USAGE = YES_ERROR;
				CLANG_WARN_EMPTY_BODY = YES;
				CLANG_WARN_ENUM_CONVERSION = YES;
				CLANG_WARN_INT_CONVERSION = YES;
				CLANG_WARN_OBJC_ROOT_CLASS = YES_ERROR;
				CLANG_WARN__DUPLICATE_METHOD_MATCH = YES;
				"CODE_SIGN_IDENTITY[sdk=iphoneos*]" = "iPhone Developer";
				COPY_PHASE_STRIP = YES;
				ENABLE_NS_ASSERTIONS = NO;
				GCC_C_LANGUAGE_STANDARD = gnu99;
				GCC_WARN_64_TO_32_BIT_CONVERSION = YES;
				GCC_WARN_ABOUT_RETURN_TYPE = YES_ERROR;
				GCC_WARN_UNDECLARED_SELECTOR = YES;
				GCC_WARN_UNINITIALIZED_AUTOS = YES_AGGRESSIVE;
				GCC_WARN_UNUSED_FUNCTION = YES;
				GCC_WARN_UNUSED_VARIABLE = YES;
				IPHONEOS_DEPLOYMENT_TARGET = 7.1;
				SDKROOT = iphoneos;
				VALIDATE_PRODUCT = YES;
			};
			name = Release;
		};
		1BBA55D31A1EDFE7009606C4 /* Debug */ = {
			isa = XCBuildConfiguration;
			buildSettings = {
				ASSETCATALOG_COMPILER_APPICON_NAME = AppIcon;
				ASSETCATALOG_COMPILER_LAUNCHIMAGE_NAME = LaunchImage;
				GCC_PRECOMPILE_PREFIX_HEADER = YES;
				GCC_PREFIX_HEADER = "collection_View/collection_View-Prefix.pch";
				INFOPLIST_FILE = "collection_View/collection_View-Info.plist";
				PRODUCT_NAME = "$(TARGET_NAME)";
				WRAPPER_EXTENSION = app;
			};
			name = Debug;
		};
		1BBA55D41A1EDFE7009606C4 /* Release */ = {
			isa = XCBuildConfiguration;
			buildSettings = {
				ASSETCATALOG_COMPILER_APPICON_NAME = AppIcon;
				ASSETCATALOG_COMPILER_LAUNCHIMAGE_NAME = LaunchImage;
				GCC_PRECOMPILE_PREFIX_HEADER = YES;
				GCC_PREFIX_HEADER = "collection_View/collection_View-Prefix.pch";
				INFOPLIST_FILE = "collection_View/collection_View-Info.plist";
				PRODUCT_NAME = "$(TARGET_NAME)";
				WRAPPER_EXTENSION = app;
			};
			name = Release;
		};
		1BBA55D61A1EDFE7009606C4 /* Debug */ = {
			isa = XCBuildConfiguration;
			buildSettings = {
				BUNDLE_LOADER = "$(BUILT_PRODUCTS_DIR)/collection_View.app/collection_View";
				FRAMEWORK_SEARCH_PATHS = (
					"$(SDKROOT)/Developer/Library/Frameworks",
					"$(inherited)",
					"$(DEVELOPER_FRAMEWORKS_DIR)",
				);
				GCC_PRECOMPILE_PREFIX_HEADER = YES;
				GCC_PREFIX_HEADER = "collection_View/collection_View-Prefix.pch";
				GCC_PREPROCESSOR_DEFINITIONS = (
					"DEBUG=1",
					"$(inherited)",
				);
				INFOPLIST_FILE = "collection_ViewTests/collection_ViewTests-Info.plist";
				PRODUCT_NAME = "$(TARGET_NAME)";
				TEST_HOST = "$(BUNDLE_LOADER)";
				WRAPPER_EXTENSION = xctest;
			};
			name = Debug;
		};
		1BBA55D71A1EDFE7009606C4 /* Release */ = {
			isa = XCBuildConfiguration;
			buildSettings = {
				BUNDLE_LOADER = "$(BUILT_PRODUCTS_DIR)/collection_View.app/collection_View";
				FRAMEWORK_SEARCH_PATHS = (
					"$(SDKROOT)/Developer/Library/Frameworks",
					"$(inherited)",
					"$(DEVELOPER_FRAMEWORKS_DIR)",
				);
				GCC_PRECOMPILE_PREFIX_HEADER = YES;
				GCC_PREFIX_HEADER = "collection_View/collection_View-Prefix.pch";
				INFOPLIST_FILE = "collection_ViewTests/collection_ViewTests-Info.plist";
				PRODUCT_NAME = "$(TARGET_NAME)";
				TEST_HOST = "$(BUNDLE_LOADER)";
				WRAPPER_EXTENSION = xctest;
			};
			name = Release;
		};
/* End XCBuildConfiguration section */

/* Begin XCConfigurationList section */
		1BBA55A11A1EDFE7009606C4 /* Build configuration list for PBXProject "collection_View" */ = {
			isa = XCConfigurationList;
			buildConfigurations = (
				1BBA55D01A1EDFE7009606C4 /* Debug */,
				1BBA55D11A1EDFE7009606C4 /* Release */,
			);
			defaultConfigurationIsVisible = 0;
			defaultConfigurationName = Release;
		};
		1BBA55D21A1EDFE7009606C4 /* Build configuration list for PBXNativeTarget "collection_View" */ = {
			isa = XCConfigurationList;
			buildConfigurations = (
				1BBA55D31A1EDFE7009606C4 /* Debug */,
				1BBA55D41A1EDFE7009606C4 /* Release */,
			);
			defaultConfigurationIsVisible = 0;
		};
		1BBA55D51A1EDFE7009606C4 /* Build configuration list for PBXNativeTarget "collection_ViewTests" */ = {
			isa = XCConfigurationList;
			buildConfigurations = (
				1BBA55D61A1EDFE7009606C4 /* Debug */,
				1BBA55D71A1EDFE7009606C4 /* Release */,
			);
			defaultConfigurationIsVisible = 0;
		};
/* End XCConfigurationList section */
	};
	rootObject = 1BBA559E1A1EDFE7009606C4 /* Project object */;
}
