// !$*UTF8*$!
{
	archiveVersion = 1;
	classes = {
	};
	objectVersion = 46;
	objects = {

/* Begin PBXBuildFile section */
		1B9F777D1A2EAD7500B88E1E /* main.m in Sources */ = {isa = PBXBuildFile; fileRef = 1B9F777C1A2EAD7500B88E1E /* main.m */; };
		1B9F77801A2EAD7500B88E1E /* AppDelegate.m in Sources */ = {isa = PBXBuildFile; fileRef = 1B9F777F1A2EAD7500B88E1E /* AppDelegate.m */; };
		1B9F77831A2EAD7500B88E1E /* ViewController.m in Sources */ = {isa = PBXBuildFile; fileRef = 1B9F77821A2EAD7500B88E1E /* ViewController.m */; };
		1B9F77861A2EAD7500B88E1E /* Main.storyboard in Resources */ = {isa = PBXBuildFile; fileRef = 1B9F77841A2EAD7500B88E1E /* Main.storyboard */; };
		1B9F77881A2EAD7500B88E1E /* Images.xcassets in Resources */ = {isa = PBXBuildFile; fileRef = 1B9F77871A2EAD7500B88E1E /* Images.xcassets */; };
		1B9F778B1A2EAD7500B88E1E /* LaunchScreen.xib in Resources */ = {isa = PBXBuildFile; fileRef = 1B9F77891A2EAD7500B88E1E /* LaunchScreen.xib */; };
		1B9F77971A2EAD7500B88E1E /* collectionview2Tests.m in Sources */ = {isa = PBXBuildFile; fileRef = 1B9F77961A2EAD7500B88E1E /* collectionview2Tests.m */; };
		1B9F77A21A2EAEC700B88E1E /* CollectionViewCell.m in Sources */ = {isa = PBXBuildFile; fileRef = 1B9F77A11A2EAEC700B88E1E /* CollectionViewCell.m */; };
		1B9F77A51A2EB12400B88E1E /* Default-568h@2x.png in Resources */ = {isa = PBXBuildFile; fileRef = 1B9F77A31A2EB12400B88E1E /* Default-568h@2x.png */; };
		1B9F77A61A2EB12400B88E1E /* Default@2x.png in Resources */ = {isa = PBXBuildFile; fileRef = 1B9F77A41A2EB12400B88E1E /* Default@2x.png */; };
		1B9F77A81A2EB35C00B88E1E /* 1.png in Resources */ = {isa = PBXBuildFile; fileRef = 1B9F77A71A2EB35C00B88E1E /* 1.png */; };
/* End PBXBuildFile section */

/* Begin PBXContainerItemProxy section */
		1B9F77911A2EAD7500B88E1E /* PBXContainerItemProxy */ = {
			isa = PBXContainerItemProxy;
			containerPortal = 1B9F776F1A2EAD7500B88E1E /* Project object */;
			proxyType = 1;
			remoteGlobalIDString = 1B9F77761A2EAD7500B88E1E;
			remoteInfo = collectionview2;
		};
/* End PBXContainerItemProxy section */

/* Begin PBXFileReference section */
		1B9F77771A2EAD7500B88E1E /* collectionview2.app */ = {isa = PBXFileReference; explicitFileType = wrapper.application; includeInIndex = 0; path = collectionview2.app; sourceTree = BUILT_PRODUCTS_DIR; };
		1B9F777B1A2EAD7500B88E1E /* Info.plist */ = {isa = PBXFileReference; lastKnownFileType = text.plist.xml; path = Info.plist; sourceTree = "<group>"; };
		1B9F777C1A2EAD7500B88E1E /* main.m */ = {isa = PBXFileReference; lastKnownFileType = sourcecode.c.objc; path = main.m; sourceTree = "<group>"; };
		1B9F777E1A2EAD7500B88E1E /* AppDelegate.h */ = {isa = PBXFileReference; lastKnownFileType = sourcecode.c.h; path = AppDelegate.h; sourceTree = "<group>"; };
		1B9F777F1A2EAD7500B88E1E /* AppDelegate.m */ = {isa = PBXFileReference; lastKnownFileType = sourcecode.c.objc; path = AppDelegate.m; sourceTree = "<group>"; };
		1B9F77811A2EAD7500B88E1E /* ViewController.h */ = {isa = PBXFileReference; lastKnownFileType = sourcecode.c.h; path = ViewController.h; sourceTree = "<group>"; };
		1B9F77821A2EAD7500B88E1E /* ViewController.m */ = {isa = PBXFileReference; lastKnownFileType = sourcecode.c.objc; path = ViewController.m; sourceTree = "<group>"; };
		1B9F77851A2EAD7500B88E1E /* Base */ = {isa = PBXFileReference; lastKnownFileType = file.storyboard; name = Base; path = Base.lproj/Main.storyboard; sourceTree = "<group>"; };
		1B9F77871A2EAD7500B88E1E /* Images.xcassets */ = {isa = PBXFileReference; lastKnownFileType = folder.assetcatalog; path = Images.xcassets; sourceTree = "<group>"; };
		1B9F778A1A2EAD7500B88E1E /* Base */ = {isa = PBXFileReference; lastKnownFileType = file.xib; name = Base; path = Base.lproj/LaunchScreen.xib; sourceTree = "<group>"; };
		1B9F77901A2EAD7500B88E1E /* collectionview2Tests.xctest */ = {isa = PBXFileReference; explicitFileType = wrapper.cfbundle; includeInIndex = 0; path = collectionview2Tests.xctest; sourceTree = BUILT_PRODUCTS_DIR; };
		1B9F77951A2EAD7500B88E1E /* Info.plist */ = {isa = PBXFileReference; lastKnownFileType = text.plist.xml; path = Info.plist; sourceTree = "<group>"; };
		1B9F77961A2EAD7500B88E1E /* collectionview2Tests.m */ = {isa = PBXFileReference; lastKnownFileType = sourcecode.c.objc; path = collectionview2Tests.m; sourceTree = "<group>"; };
		1B9F77A01A2EAEC700B88E1E /* CollectionViewCell.h */ = {isa = PBXFileReference; fileEncoding = 4; lastKnownFileType = sourcecode.c.h; path = CollectionViewCell.h; sourceTree = "<group>"; };
		1B9F77A11A2EAEC700B88E1E /* CollectionViewCell.m */ = {isa = PBXFileReference; fileEncoding = 4; lastKnownFileType = sourcecode.c.objc; path = CollectionViewCell.m; sourceTree = "<group>"; };
		1B9F77A31A2EB12400B88E1E /* Default-568h@2x.png */ = {isa = PBXFileReference; lastKnownFileType = image.png; path = "Default-568h@2x.png"; sourceTree = "<group>"; };
		1B9F77A41A2EB12400B88E1E /* Default@2x.png */ = {isa = PBXFileReference; lastKnownFileType = image.png; path = "Default@2x.png"; sourceTree = "<group>"; };
		1B9F77A71A2EB35C00B88E1E /* 1.png */ = {isa = PBXFileReference; lastKnownFileType = image.png; path = 1.png; sourceTree = "<group>"; };
/* End PBXFileReference section */

/* Begin PBXFrameworksBuildPhase section */
		1B9F77741A2EAD7500B88E1E /* Frameworks */ = {
			isa = PBXFrameworksBuildPhase;
			buildActionMask = 2147483647;
			files = (
			);
			runOnlyForDeploymentPostprocessing = 0;
		};
		1B9F778D1A2EAD7500B88E1E /* Frameworks */ = {
			isa = PBXFrameworksBuildPhase;
			buildActionMask = 2147483647;
			files = (
			);
			runOnlyForDeploymentPostprocessing = 0;
		};
/* End PBXFrameworksBuildPhase section */

/* Begin PBXGroup section */
		1B9F776E1A2EAD7500B88E1E = {
			isa = PBXGroup;
			children = (
				1B9F77A31A2EB12400B88E1E /* Default-568h@2x.png */,
				1B9F77A41A2EB12400B88E1E /* Default@2x.png */,
				1B9F77791A2EAD7500B88E1E /* collectionview2 */,
				1B9F77931A2EAD7500B88E1E /* collectionview2Tests */,
				1B9F77781A2EAD7500B88E1E /* Products */,
			);
			sourceTree = "<group>";
		};
		1B9F77781A2EAD7500B88E1E /* Products */ = {
			isa = PBXGroup;
			children = (
				1B9F77771A2EAD7500B88E1E /* collectionview2.app */,
				1B9F77901A2EAD7500B88E1E /* collectionview2Tests.xctest */,
			);
			name = Products;
			sourceTree = "<group>";
		};
		1B9F77791A2EAD7500B88E1E /* collectionview2 */ = {
			isa = PBXGroup;
			children = (
				1B9F777E1A2EAD7500B88E1E /* AppDelegate.h */,
				1B9F777F1A2EAD7500B88E1E /* AppDelegate.m */,
				1B9F77A71A2EB35C00B88E1E /* 1.png */,
				1B9F77811A2EAD7500B88E1E /* ViewController.h */,
				1B9F77821A2EAD7500B88E1E /* ViewController.m */,
				1B9F77A01A2EAEC700B88E1E /* CollectionViewCell.h */,
				1B9F77A11A2EAEC700B88E1E /* CollectionViewCell.m */,
				1B9F77841A2EAD7500B88E1E /* Main.storyboard */,
				1B9F77871A2EAD7500B88E1E /* Images.xcassets */,
				1B9F77891A2EAD7500B88E1E /* LaunchScreen.xib */,
				1B9F777A1A2EAD7500B88E1E /* Supporting Files */,
			);
			path = collectionview2;
			sourceTree = "<group>";
		};
		1B9F777A1A2EAD7500B88E1E /* Supporting Files */ = {
			isa = PBXGroup;
			children = (
				1B9F777B1A2EAD7500B88E1E /* Info.plist */,
				1B9F777C1A2EAD7500B88E1E /* main.m */,
			);
			name = "Supporting Files";
			sourceTree = "<group>";
		};
		1B9F77931A2EAD7500B88E1E /* collectionview2Tests */ = {
			isa = PBXGroup;
			children = (
				1B9F77961A2EAD7500B88E1E /* collectionview2Tests.m */,
				1B9F77941A2EAD7500B88E1E /* Supporting Files */,
			);
			path = collectionview2Tests;
			sourceTree = "<group>";
		};
		1B9F77941A2EAD7500B88E1E /* Supporting Files */ = {
			isa = PBXGroup;
			children = (
				1B9F77951A2EAD7500B88E1E /* Info.plist */,
			);
			name = "Supporting Files";
			sourceTree = "<group>";
		};
/* End PBXGroup section */

/* Begin PBXNativeTarget section */
		1B9F77761A2EAD7500B88E1E /* collectionview2 */ = {
			isa = PBXNativeTarget;
			buildConfigurationList = 1B9F779A1A2EAD7500B88E1E /* Build configuration list for PBXNativeTarget "collectionview2" */;
			buildPhases = (
				1B9F77731A2EAD7500B88E1E /* Sources */,
				1B9F77741A2EAD7500B88E1E /* Frameworks */,
				1B9F77751A2EAD7500B88E1E /* Resources */,
			);
			buildRules = (
			);
			dependencies = (
			);
			name = collectionview2;
			productName = collectionview2;
			productReference = 1B9F77771A2EAD7500B88E1E /* collectionview2.app */;
			productType = "com.apple.product-type.application";
		};
		1B9F778F1A2EAD7500B88E1E /* collectionview2Tests */ = {
			isa = PBXNativeTarget;
			buildConfigurationList = 1B9F779D1A2EAD7500B88E1E /* Build configuration list for PBXNativeTarget "collectionview2Tests" */;
			buildPhases = (
				1B9F778C1A2EAD7500B88E1E /* Sources */,
				1B9F778D1A2EAD7500B88E1E /* Frameworks */,
				1B9F778E1A2EAD7500B88E1E /* Resources */,
			);
			buildRules = (
			);
			dependencies = (
				1B9F77921A2EAD7500B88E1E /* PBXTargetDependency */,
			);
			name = collectionview2Tests;
			productName = collectionview2Tests;
			productReference = 1B9F77901A2EAD7500B88E1E /* collectionview2Tests.xctest */;
			productType = "com.apple.product-type.bundle.unit-test";
		};
/* End PBXNativeTarget section */

/* Begin PBXProject section */
		1B9F776F1A2EAD7500B88E1E /* Project object */ = {
			isa = PBXProject;
			attributes = {
				LastUpgradeCheck = 0600;
				ORGANIZATIONNAME = LWC;
				TargetAttributes = {
					1B9F77761A2EAD7500B88E1E = {
						CreatedOnToolsVersion = 6.0.1;
					};
					1B9F778F1A2EAD7500B88E1E = {
						CreatedOnToolsVersion = 6.0.1;
						TestTargetID = 1B9F77761A2EAD7500B88E1E;
					};
				};
			};
			buildConfigurationList = 1B9F77721A2EAD7500B88E1E /* Build configuration list for PBXProject "collectionview2" */;
			compatibilityVersion = "Xcode 3.2";
			developmentRegion = English;
			hasScannedForEncodings = 0;
			knownRegions = (
				en,
				Base,
			);
			mainGroup = 1B9F776E1A2EAD7500B88E1E;
			productRefGroup = 1B9F77781A2EAD7500B88E1E /* Products */;
			projectDirPath = "";
			projectRoot = "";
			targets = (
				1B9F77761A2EAD7500B88E1E /* collectionview2 */,
				1B9F778F1A2EAD7500B88E1E /* collectionview2Tests */,
			);
		};
/* End PBXProject section */

/* Begin PBXResourcesBuildPhase section */
		1B9F77751A2EAD7500B88E1E /* Resources */ = {
			isa = PBXResourcesBuildPhase;
			buildActionMask = 2147483647;
			files = (
				1B9F77861A2EAD7500B88E1E /* Main.storyboard in Resources */,
				1B9F77A51A2EB12400B88E1E /* Default-568h@2x.png in Resources */,
				1B9F77A61A2EB12400B88E1E /* Default@2x.png in Resources */,
				1B9F77A81A2EB35C00B88E1E /* 1.png in Resources */,
				1B9F778B1A2EAD7500B88E1E /* LaunchScreen.xib in Resources */,
				1B9F77881A2EAD7500B88E1E /* Images.xcassets in Resources */,
			);
			runOnlyForDeploymentPostprocessing = 0;
		};
		1B9F778E1A2EAD7500B88E1E /* Resources */ = {
			isa = PBXResourcesBuildPhase;
			buildActionMask = 2147483647;
			files = (
			);
			runOnlyForDeploymentPostprocessing = 0;
		};
/* End PBXResourcesBuildPhase section */

/* Begin PBXSourcesBuildPhase section */
		1B9F77731A2EAD7500B88E1E /* Sources */ = {
			isa = PBXSourcesBuildPhase;
			buildActionMask = 2147483647;
			files = (
				1B9F77831A2EAD7500B88E1E /* ViewController.m in Sources */,
				1B9F77801A2EAD7500B88E1E /* AppDelegate.m in Sources */,
				1B9F77A21A2EAEC700B88E1E /* CollectionViewCell.m in Sources */,
				1B9F777D1A2EAD7500B88E1E /* main.m in Sources */,
			);
			runOnlyForDeploymentPostprocessing = 0;
		};
		1B9F778C1A2EAD7500B88E1E /* Sources */ = {
			isa = PBXSourcesBuildPhase;
			buildActionMask = 2147483647;
			files = (
				1B9F77971A2EAD7500B88E1E /* collectionview2Tests.m in Sources */,
			);
			runOnlyForDeploymentPostprocessing = 0;
		};
/* End PBXSourcesBuildPhase section */

/* Begin PBXTargetDependency section */
		1B9F77921A2EAD7500B88E1E /* PBXTargetDependency */ = {
			isa = PBXTargetDependency;
			target = 1B9F77761A2EAD7500B88E1E /* collectionview2 */;
			targetProxy = 1B9F77911A2EAD7500B88E1E /* PBXContainerItemProxy */;
		};
/* End PBXTargetDependency section */

/* Begin PBXVariantGroup section */
		1B9F77841A2EAD7500B88E1E /* Main.storyboard */ = {
			isa = PBXVariantGroup;
			children = (
				1B9F77851A2EAD7500B88E1E /* Base */,
			);
			name = Main.storyboard;
			sourceTree = "<group>";
		};
		1B9F77891A2EAD7500B88E1E /* LaunchScreen.xib */ = {
			isa = PBXVariantGroup;
			children = (
				1B9F778A1A2EAD7500B88E1E /* Base */,
			);
			name = LaunchScreen.xib;
			sourceTree = "<group>";
		};
/* End PBXVariantGroup section */

/* Begin XCBuildConfiguration section */
		1B9F77981A2EAD7500B88E1E /* Debug */ = {
			isa = XCBuildConfiguration;
			buildSettings = {
				ALWAYS_SEARCH_USER_PATHS = NO;
				CLANG_CXX_LANGUAGE_STANDARD = "gnu++0x";
				CLANG_CXX_LIBRARY = "libc++";
				CLANG_ENABLE_MODULES = YES;
				CLANG_ENABLE_OBJC_ARC = YES;
				CLANG_WARN_BOOL_CONVERSION = YES;
				CLANG_WARN_CONSTANT_CONVERSION = YES;
				CLANG_WARN_DIRECT_OBJC_ISA_USAGE = YES_ERROR;
				CLANG_WARN_EMPTY_BODY = YES;
				CLANG_WARN_ENUM_CONVERSION = YES;
				CLANG_WARN_INT_CONVERSION = YES;
				CLANG_WARN_OBJC_ROOT_CLASS = YES_ERROR;
				CLANG_WARN_UNREACHABLE_CODE = YES;
				CLANG_WARN__DUPLICATE_METHOD_MATCH = YES;
				"CODE_SIGN_IDENTITY[sdk=iphoneos*]" = "iPhone Developer";
				COPY_PHASE_STRIP = NO;
				ENABLE_STRICT_OBJC_MSGSEND = YES;
				GCC_C_LANGUAGE_STANDARD = gnu99;
				GCC_DYNAMIC_NO_PIC = NO;
				GCC_OPTIMIZATION_LEVEL = 0;
				GCC_PREPROCESSOR_DEFINITIONS = (
					"DEBUG=1",
					"$(inherited)",
				);
				GCC_SYMBOLS_PRIVATE_EXTERN = NO;
				GCC_WARN_64_TO_32_BIT_CONVERSION = YES;
				GCC_WARN_ABOUT_RETURN_TYPE = YES_ERROR;
				GCC_WARN_UNDECLARED_SELECTOR = YES;
				GCC_WARN_UNINITIALIZED_AUTOS = YES_AGGRESSIVE;
				GCC_WARN_UNUSED_FUNCTION = YES;
				GCC_WARN_UNUSED_VARIABLE = YES;
				IPHONEOS_DEPLOYMENT_TARGET = 8.0;
				MTL_ENABLE_DEBUG_INFO = YES;
				ONLY_ACTIVE_ARCH = YES;
				SDKROOT = iphoneos;
			};
			name = Debug;
		};
		1B9F77991A2EAD7500B88E1E /* Release */ = {
			isa = XCBuildConfiguration;
			buildSettings = {
				ALWAYS_SEARCH_USER_PATHS = NO;
				CLANG_CXX_LANGUAGE_STANDARD = "gnu++0x";
				CLANG_CXX_LIBRARY = "libc++";
				CLANG_ENABLE_MODULES = YES;
				CLANG_ENABLE_OBJC_ARC = YES;
				CLANG_WARN_BOOL_CONVERSION = YES;
				CLANG_WARN_CONSTANT_CONVERSION = YES;
				CLANG_WARN_DIRECT_OBJC_ISA_USAGE = YES_ERROR;
				CLANG_WARN_EMPTY_BODY = YES;
				CLANG_WARN_ENUM_CONVERSION = YES;
				CLANG_WARN_INT_CONVERSION = YES;
				CLANG_WARN_OBJC_ROOT_CLASS = YES_ERROR;
				CLANG_WARN_UNREACHABLE_CODE = YES;
				CLANG_WARN__DUPLICATE_METHOD_MATCH = YES;
				"CODE_SIGN_IDENTITY[sdk=iphoneos*]" = "iPhone Developer";
				COPY_PHASE_STRIP = YES;
				ENABLE_NS_ASSERTIONS = NO;
				ENABLE_STRICT_OBJC_MSGSEND = YES;
				GCC_C_LANGUAGE_STANDARD = gnu99;
				GCC_WARN_64_TO_32_BIT_CONVERSION = YES;
				GCC_WARN_ABOUT_RETURN_TYPE = YES_ERROR;
				GCC_WARN_UNDECLARED_SELECTOR = YES;
				GCC_WARN_UNINITIALIZED_AUTOS = YES_AGGRESSIVE;
				GCC_WARN_UNUSED_FUNCTION = YES;
				GCC_WARN_UNUSED_VARIABLE = YES;
				IPHONEOS_DEPLOYMENT_TARGET = 8.0;
				MTL_ENABLE_DEBUG_INFO = NO;
				SDKROOT = iphoneos;
				VALIDATE_PRODUCT = YES;
			};
			name = Release;
		};
		1B9F779B1A2EAD7500B88E1E /* Debug */ = {
			isa = XCBuildConfiguration;
			buildSettings = {
				ASSETCATALOG_COMPILER_APPICON_NAME = AppIcon;
				INFOPLIST_FILE = collectionview2/Info.plist;
				IPHONEOS_DEPLOYMENT_TARGET = 6.0;
				LD_RUNPATH_SEARCH_PATHS = "$(inherited) @executable_path/Frameworks";
				PRODUCT_NAME = "$(TARGET_NAME)";
			};
			name = Debug;
		};
		1B9F779C1A2EAD7500B88E1E /* Release */ = {
			isa = XCBuildConfiguration;
			buildSettings = {
				ASSETCATALOG_COMPILER_APPICON_NAME = AppIcon;
				INFOPLIST_FILE = collectionview2/Info.plist;
				IPHONEOS_DEPLOYMENT_TARGET = 6.0;
				LD_RUNPATH_SEARCH_PATHS = "$(inherited) @executable_path/Frameworks";
				PRODUCT_NAME = "$(TARGET_NAME)";
			};
			name = Release;
		};
		1B9F779E1A2EAD7500B88E1E /* Debug */ = {
			isa = XCBuildConfiguration;
			buildSettings = {
				BUNDLE_LOADER = "$(TEST_HOST)";
				FRAMEWORK_SEARCH_PATHS = (
					"$(SDKROOT)/Developer/Library/Frameworks",
					"$(inherited)",
				);
				GCC_PREPROCESSOR_DEFINITIONS = (
					"DEBUG=1",
					"$(inherited)",
				);
				INFOPLIST_FILE = collectionview2Tests/Info.plist;
				LD_RUNPATH_SEARCH_PATHS = "$(inherited) @executable_path/Frameworks @loader_path/Frameworks";
				PRODUCT_NAME = "$(TARGET_NAME)";
				TEST_HOST = "$(BUILT_PRODUCTS_DIR)/collectionview2.app/collectionview2";
			};
			name = Debug;
		};
		1B9F779F1A2EAD7500B88E1E /* Release */ = {
			isa = XCBuildConfiguration;
			buildSettings = {
				BUNDLE_LOADER = "$(TEST_HOST)";
				FRAMEWORK_SEARCH_PATHS = (
					"$(SDKROOT)/Developer/Library/Frameworks",
					"$(inherited)",
				);
				INFOPLIST_FILE = collectionview2Tests/Info.plist;
				LD_RUNPATH_SEARCH_PATHS = "$(inherited) @executable_path/Frameworks @loader_path/Frameworks";
				PRODUCT_NAME = "$(TARGET_NAME)";
				TEST_HOST = "$(BUILT_PRODUCTS_DIR)/collectionview2.app/collectionview2";
			};
			name = Release;
		};
/* End XCBuildConfiguration section */

/* Begin XCConfigurationList section */
		1B9F77721A2EAD7500B88E1E /* Build configuration list for PBXProject "collectionview2" */ = {
			isa = XCConfigurationList;
			buildConfigurations = (
				1B9F77981A2EAD7500B88E1E /* Debug */,
				1B9F77991A2EAD7500B88E1E /* Release */,
			);
			defaultConfigurationIsVisible = 0;
			defaultConfigurationName = Release;
		};
		1B9F779A1A2EAD7500B88E1E /* Build configuration list for PBXNativeTarget "collectionview2" */ = {
			isa = XCConfigurationList;
			buildConfigurations = (
				1B9F779B1A2EAD7500B88E1E /* Debug */,
				1B9F779C1A2EAD7500B88E1E /* Release */,
			);
			defaultConfigurationIsVisible = 0;
		};
		1B9F779D1A2EAD7500B88E1E /* Build configuration list for PBXNativeTarget "collectionview2Tests" */ = {
			isa = XCConfigurationList;
			buildConfigurations = (
				1B9F779E1A2EAD7500B88E1E /* Debug */,
				1B9F779F1A2EAD7500B88E1E /* Release */,
			);
			defaultConfigurationIsVisible = 0;
		};
/* End XCConfigurationList section */
	};
	rootObject = 1B9F776F1A2EAD7500B88E1E /* Project object */;
}
